
Microsoft Visual Studio Solution File, Format Version 12.00
# Visual Studio Version 17
VisualStudioVersion = 17.4.33213.308
MinimumVisualStudioVersion = 10.0.40219.1
Project("{FAE04EC0-301F-11D3-BF4B-00C04F79EFBC}") = "UMG.WA.AMAZONPOLLY.FE", "UMG.WA.AMAZONPOLLY.FE\UMG.WA.AMAZONPOLLY.FE.csproj", "{82E00B26-7862-4AD3-A2AA-A944B9DD993A}"
EndProject
Project("{FAE04EC0-301F-11D3-BF4B-00C04F79EFBC}") = "UMG.CL.AMAZONPOLLY.BE", "UMG.CL.AMAZONPOLLY.BE\UMG.CL.AMAZONPOLLY.BE.csproj", "{3AE3A9E9-94A4-41B6-A5A3-D80927ABF7E7}"
EndProject
Global
	GlobalSection(SolutionConfigurationPlatforms) = preSolution
		Debug|Any CPU = Debug|Any CPU
		Release|Any CPU = Release|Any CPU
	EndGlobalSection
	GlobalSection(ProjectConfigurationPlatforms) = postSolution
		{82E00B26-7862-4AD3-A2AA-A944B9DD993A}.Debug|Any CPU.ActiveCfg = Debug|Any CPU
		{82E00B26-7862-4AD3-A2AA-A944B9DD993A}.Debug|Any CPU.Build.0 = Debug|Any CPU
		{82E00B26-7862-4AD3-A2AA-A944B9DD993A}.Release|Any CPU.ActiveCfg = Release|Any CPU
		{82E00B26-7862-4AD3-A2AA-A944B9DD993A}.Release|Any CPU.Build.0 = Release|Any CPU
		{3AE3A9E9-94A4-41B6-A5A3-D80927ABF7E7}.Debug|Any CPU.ActiveCfg = Debug|Any CPU
		{3AE3A9E9-94A4-41B6-A5A3-D80927ABF7E7}.Debug|Any CPU.Build.0 = Debug|Any CPU
		{3AE3A9E9-94A4-41B6-A5A3-D80927ABF7E7}.Release|Any CPU.ActiveCfg = Release|Any CPU
		{3AE3A9E9-94A4-41B6-A5A3-D80927ABF7E7}.Release|Any CPU.Build.0 = Release|Any CPU
	EndGlobalSection
	GlobalSection(SolutionProperties) = preSolution
		HideSolutionNode = FALSE
	EndGlobalSection
	GlobalSection(ExtensibilityGlobals) = postSolution
		SolutionGuid = {D588DA65-D2CC-473D-9C24-6CA180523E8D}
	EndGlobalSection
EndGlobal
